// !$*UTF8*$!
{
	archiveVersion = 1;
	classes = {
	};
	objectVersion = 51;
	objects = {

/* Begin PBXBuildFile section */
		850605412B7CA4C000FA4E85 /* AuthButtonType.swift in Sources */ = {isa = PBXBuildFile; fileRef = 850605402B7CA4C000FA4E85 /* AuthButtonType.swift */; };
		850605432B7CC49D00FA4E85 /* AuthTextFieldType.swift in Sources */ = {isa = PBXBuildFile; fileRef = 850605422B7CC49D00FA4E85 /* AuthTextFieldType.swift */; };
		850605472B808EB800FA4E85 /* GoogleService-Info.plist in Resources */ = {isa = PBXBuildFile; fileRef = 850605462B808EB800FA4E85 /* GoogleService-Info.plist */; };
		850605492B80939700FA4E85 /* AuthManager2.swift in Sources */ = {isa = PBXBuildFile; fileRef = 850605482B80939700FA4E85 /* AuthManager2.swift */; };
		8506054B2B86054E00FA4E85 /* RealtimeDatabaseManager.swift in Sources */ = {isa = PBXBuildFile; fileRef = 8506054A2B86054E00FA4E85 /* RealtimeDatabaseManager.swift */; };
		850605532B88814900FA4E85 /* CharacterSelectViewController.swift in Sources */ = {isa = PBXBuildFile; fileRef = 850605522B88814900FA4E85 /* CharacterSelectViewController.swift */; };
		850605552B88831F00FA4E85 /* CharacterCell.swift in Sources */ = {isa = PBXBuildFile; fileRef = 850605542B88831F00FA4E85 /* CharacterCell.swift */; };
		850605572B8C56FD00FA4E85 /* CustomLayout.swift in Sources */ = {isa = PBXBuildFile; fileRef = 850605562B8C56FD00FA4E85 /* CustomLayout.swift */; };
		850605592B91AEB100FA4E85 /* CollectionViewFlowLayout.swift in Sources */ = {isa = PBXBuildFile; fileRef = 850605582B91AEB100FA4E85 /* CollectionViewFlowLayout.swift */; };
		8506055B2B9B09FA00FA4E85 /* KcalProgressBar.swift in Sources */ = {isa = PBXBuildFile; fileRef = 8506055A2B9B09FA00FA4E85 /* KcalProgressBar.swift */; };
		8506055D2BA0349D00FA4E85 /* CircleProgressBar.swift in Sources */ = {isa = PBXBuildFile; fileRef = 8506055C2BA0349D00FA4E85 /* CircleProgressBar.swift */; };
		8510493BDC53CD4E1AA331C2 /* Pods_KILOGO.framework in Frameworks */ = {isa = PBXBuildFile; fileRef = 24BF634506759B595E9A0E44 /* Pods_KILOGO.framework */; };
		858013132BA80EB700534318 /* ChooseBarCell.swift in Sources */ = {isa = PBXBuildFile; fileRef = 858013122BA80EB700534318 /* ChooseBarCell.swift */; };
		858013152BA82F0800534318 /* ChooseButtonLine.swift in Sources */ = {isa = PBXBuildFile; fileRef = 858013142BA82F0800534318 /* ChooseButtonLine.swift */; };
		858013172BAAD86400534318 /* DataPickerContainerView.swift in Sources */ = {isa = PBXBuildFile; fileRef = 858013162BAAD86400534318 /* DataPickerContainerView.swift */; };
		858013192BAADB4100534318 /* DataPickerViewController.swift in Sources */ = {isa = PBXBuildFile; fileRef = 858013182BAADB4100534318 /* DataPickerViewController.swift */; };
		8580131B2BB011EF00534318 /* FoodDataSearchViewController.swift in Sources */ = {isa = PBXBuildFile; fileRef = 8580131A2BB011EF00534318 /* FoodDataSearchViewController.swift */; };
		8580131D2BB0144600534318 /* FoodDataCell.swift in Sources */ = {isa = PBXBuildFile; fileRef = 8580131C2BB0144600534318 /* FoodDataCell.swift */; };
		858013202BB0236B00534318 /* KILO GO.xcdatamodeld in Sources */ = {isa = PBXBuildFile; fileRef = 8580131E2BB0236B00534318 /* KILO GO.xcdatamodeld */; };
		858013292BB0331000534318 /* FoodMO+CoreDataClass.swift in Sources */ = {isa = PBXBuildFile; fileRef = 858013272BB0331000534318 /* FoodMO+CoreDataClass.swift */; };
		8580132A2BB0331000534318 /* FoodMO+CoreDataProperties.swift in Sources */ = {isa = PBXBuildFile; fileRef = 858013282BB0331000534318 /* FoodMO+CoreDataProperties.swift */; };
		8580132D2BB1328C00534318 /* FoodModel.swift in Sources */ = {isa = PBXBuildFile; fileRef = 8580132C2BB1328C00534318 /* FoodModel.swift */; };
		8580132F2BB134F900534318 /* foodData.json in Resources */ = {isa = PBXBuildFile; fileRef = 8580132E2BB134F900534318 /* foodData.json */; };
		858013312BB4281600534318 /* SkillView.swift in Sources */ = {isa = PBXBuildFile; fileRef = 858013302BB4281600534318 /* SkillView.swift */; };
		858013342BB4553800534318 /* SkillOneView.swift in Sources */ = {isa = PBXBuildFile; fileRef = 858013332BB4553800534318 /* SkillOneView.swift */; };
		858013362BB4561600534318 /* SkillTwoView.swift in Sources */ = {isa = PBXBuildFile; fileRef = 858013352BB4561600534318 /* SkillTwoView.swift */; };
		858013382BB4568100534318 /* SkillThreeView.swift in Sources */ = {isa = PBXBuildFile; fileRef = 858013372BB4568100534318 /* SkillThreeView.swift */; };
		8580133A2BB4576300534318 /* SkillViewController.swift in Sources */ = {isa = PBXBuildFile; fileRef = 858013392BB4576300534318 /* SkillViewController.swift */; };
		8580133D2BBA831C00534318 /* SkillContentView.swift in Sources */ = {isa = PBXBuildFile; fileRef = 8580133C2BBA831C00534318 /* SkillContentView.swift */; };
		F2149C4427424DC8006B5C1A /* ARViewController.swift in Sources */ = {isa = PBXBuildFile; fileRef = F2149C4327424DC8006B5C1A /* ARViewController.swift */; };
		F2149C4827425312006B5C1A /* SKScene.sks in Resources */ = {isa = PBXBuildFile; fileRef = F2149C4727425312006B5C1A /* SKScene.sks */; };
		F2149C4A2742547A006B5C1A /* Scene.swift in Sources */ = {isa = PBXBuildFile; fileRef = F2149C492742547A006B5C1A /* Scene.swift */; };
		F21549002747F87A008E6779 /* Actions.sks in Resources */ = {isa = PBXBuildFile; fileRef = F21548FF2747F87A008E6779 /* Actions.sks */; };
		F215DCE5276220D2009D76CB /* PlainCircularProgressBar.swift in Sources */ = {isa = PBXBuildFile; fileRef = F215DCE4276220D2009D76CB /* PlainCircularProgressBar.swift */; };
		F215DCE727628A3B009D76CB /* PlainHorizontalProgressBar.swift in Sources */ = {isa = PBXBuildFile; fileRef = F215DCE627628A3B009D76CB /* PlainHorizontalProgressBar.swift */; };
		F222E46C273C412700BB8E5D /* Int+EXT.swift in Sources */ = {isa = PBXBuildFile; fileRef = F222E46B273C412700BB8E5D /* Int+EXT.swift */; };
		F224D459274A54C70057AB48 /* GameModels.swift in Sources */ = {isa = PBXBuildFile; fileRef = F224D458274A54C60057AB48 /* GameModels.swift */; };
		F224D462274A9F2D0057AB48 /* Loading.mov in Resources */ = {isa = PBXBuildFile; fileRef = F224D461274A9F2D0057AB48 /* Loading.mov */; };
		F224D464274AA3F10057AB48 /* LoadingViewController.swift in Sources */ = {isa = PBXBuildFile; fileRef = F224D463274AA3F10057AB48 /* LoadingViewController.swift */; };
		F226F70E275DF72F0081E2F5 /* LabelViewController.swift in Sources */ = {isa = PBXBuildFile; fileRef = F226F70D275DF72F0081E2F5 /* LabelViewController.swift */; };
		F22A4659274D3E4C004B2012 /* ARImageView.swift in Sources */ = {isa = PBXBuildFile; fileRef = F22A4658274D3E4C004B2012 /* ARImageView.swift */; };
		F22A465B274D5DF6004B2012 /* BodyTrackingConfiguration.swift in Sources */ = {isa = PBXBuildFile; fileRef = F22A465A274D5DF6004B2012 /* BodyTrackingConfiguration.swift */; };
		F2304E472743946500BC8C50 /* BackButton.swift in Sources */ = {isa = PBXBuildFile; fileRef = F2304E462743946500BC8C50 /* BackButton.swift */; };
		F2304E4927439C5B00BC8C50 /* Email+EXT.swift in Sources */ = {isa = PBXBuildFile; fileRef = F2304E4827439C5B00BC8C50 /* Email+EXT.swift */; };
		F23996F1273BB2E5007F8ADE /* AppDelegate.swift in Sources */ = {isa = PBXBuildFile; fileRef = F23996F0273BB2E5007F8ADE /* AppDelegate.swift */; };
		F23996F3273BB2E5007F8ADE /* SceneDelegate.swift in Sources */ = {isa = PBXBuildFile; fileRef = F23996F2273BB2E5007F8ADE /* SceneDelegate.swift */; };
		F23996F5273BB2E5007F8ADE /* SignInViewController.swift in Sources */ = {isa = PBXBuildFile; fileRef = F23996F4273BB2E5007F8ADE /* SignInViewController.swift */; };
		F23996FA273BB2E6007F8ADE /* Assets.xcassets in Resources */ = {isa = PBXBuildFile; fileRef = F23996F9273BB2E6007F8ADE /* Assets.xcassets */; };
		F23996FD273BB2E6007F8ADE /* LaunchScreen.storyboard in Resources */ = {isa = PBXBuildFile; fileRef = F23996FB273BB2E6007F8ADE /* LaunchScreen.storyboard */; };
		F24063DA276A2E9E00498EA9 /* listBackgroundPoint.swift in Sources */ = {isa = PBXBuildFile; fileRef = F24063D9276A2E9E00498EA9 /* listBackgroundPoint.swift */; };
		F243DD9E274BD83300559D18 /* winning-1.mov in Resources */ = {isa = PBXBuildFile; fileRef = F243DD9D274BD83300559D18 /* winning-1.mov */; };
		F246496C273BE29300E2F2F6 /* IGHomeFeedCellType.swift in Sources */ = {isa = PBXBuildFile; fileRef = F246496B273BE29300E2F2F6 /* IGHomeFeedCellType.swift */; };
		F246496E273BE34500E2F2F6 /* PostCollectionViewCellViewModel.swift in Sources */ = {isa = PBXBuildFile; fileRef = F246496D273BE34500E2F2F6 /* PostCollectionViewCellViewModel.swift */; };
		F2464970273BE36000E2F2F6 /* PosterCollecitonViewCellViewModel.swift in Sources */ = {isa = PBXBuildFile; fileRef = F246496F273BE36000E2F2F6 /* PosterCollecitonViewCellViewModel.swift */; };
		F2464974273BE54600E2F2F6 /* PosterCollectionViewCell.swift in Sources */ = {isa = PBXBuildFile; fileRef = F2464973273BE54600E2F2F6 /* PosterCollectionViewCell.swift */; };
		F2464976273BE57F00E2F2F6 /* PostCollectionViewCell.swift in Sources */ = {isa = PBXBuildFile; fileRef = F2464975273BE57F00E2F2F6 /* PostCollectionViewCell.swift */; };
		F2464978273BE8C700E2F2F6 /* Post.swift in Sources */ = {isa = PBXBuildFile; fileRef = F2464977273BE8C700E2F2F6 /* Post.swift */; };
		F246497A273BF66300E2F2F6 /* PostButtonCollectionViewCell.swift in Sources */ = {isa = PBXBuildFile; fileRef = F2464979273BF66300E2F2F6 /* PostButtonCollectionViewCell.swift */; };
		F246497C273BF7A400E2F2F6 /* PostButtonCollectionViewModel.swift in Sources */ = {isa = PBXBuildFile; fileRef = F246497B273BF7A400E2F2F6 /* PostButtonCollectionViewModel.swift */; };
		F246497E273BF8E400E2F2F6 /* PostLikeNumberCollectionViewCell.swift in Sources */ = {isa = PBXBuildFile; fileRef = F246497D273BF8E400E2F2F6 /* PostLikeNumberCollectionViewCell.swift */; };
		F2464980273BF8FB00E2F2F6 /* PostLikeNumberCollectionViewModel.swift in Sources */ = {isa = PBXBuildFile; fileRef = F246497F273BF8FB00E2F2F6 /* PostLikeNumberCollectionViewModel.swift */; };
		F2464981273C024A00E2F2F6 /* PositionSizeModel.swift in Sources */ = {isa = PBXBuildFile; fileRef = F285F763273BBC18009A34AD /* PositionSizeModel.swift */; };
		F24E5A40276C8986008054D8 /* 地獄之火.mov in Resources */ = {isa = PBXBuildFile; fileRef = F24E5A3D276C8986008054D8 /* 地獄之火.mov */; };
		F24E5A41276C8986008054D8 /* 章魚燒庛佑.mov in Resources */ = {isa = PBXBuildFile; fileRef = F24E5A3E276C8986008054D8 /* 章魚燒庛佑.mov */; };
		F24E5A42276C8986008054D8 /* 熊熊火爆.mov in Resources */ = {isa = PBXBuildFile; fileRef = F24E5A3F276C8986008054D8 /* 熊熊火爆.mov */; };
		F25358432770B8CB0011D6F0 /* test.swift in Sources */ = {isa = PBXBuildFile; fileRef = F25358422770B8CB0011D6F0 /* test.swift */; };
		F25358452770CCC20011D6F0 /* 主畫面熊動畫.mov in Resources */ = {isa = PBXBuildFile; fileRef = F25358442770CCC20011D6F0 /* 主畫面熊動畫.mov */; };
		F25358482770D06E0011D6F0 /* FoodDataViewController.swift in Sources */ = {isa = PBXBuildFile; fileRef = F25358462770D06E0011D6F0 /* FoodDataViewController.swift */; };
		F25358492770D06E0011D6F0 /* FoodSearchViewController.swift in Sources */ = {isa = PBXBuildFile; fileRef = F25358472770D06E0011D6F0 /* FoodSearchViewController.swift */; };
		F253584C2770D6520011D6F0 /* SearchFoodBarPageTableViewCell.swift in Sources */ = {isa = PBXBuildFile; fileRef = F253584B2770D6520011D6F0 /* SearchFoodBarPageTableViewCell.swift */; };
		F255B5CA276B3007007FAD81 /* ResultsViewController.swift in Sources */ = {isa = PBXBuildFile; fileRef = F255B5C9276B3007007FAD81 /* ResultsViewController.swift */; };
		F255B5CD276B3640007FAD81 /* 結算音樂.mp3 in Resources */ = {isa = PBXBuildFile; fileRef = F255B5CB276B3640007FAD81 /* 結算音樂.mp3 */; };
		F255B5CE276B3640007FAD81 /* 遊戲音樂.mp3 in Resources */ = {isa = PBXBuildFile; fileRef = F255B5CC276B3640007FAD81 /* 遊戲音樂.mp3 */; };
		F255B5D0276B3BB6007FAD81 /* 遊戲音樂2.mp3 in Resources */ = {isa = PBXBuildFile; fileRef = F255B5CF276B3BB6007FAD81 /* 遊戲音樂2.mp3 */; };
		F25C5AE1276AFD2D00D99183 /* touchPointMusic.mp3 in Resources */ = {isa = PBXBuildFile; fileRef = F25C5AE0276AFD2D00D99183 /* touchPointMusic.mp3 */; };
		F269950B276C7CD00029EAFD /* mainMusic.mp3 in Resources */ = {isa = PBXBuildFile; fileRef = F269950A276C7CD00029EAFD /* mainMusic.mp3 */; };
		F27D8378276FA6B80008649B /* LevelSkill1PageModels.swift in Sources */ = {isa = PBXBuildFile; fileRef = F27D8377276FA6B80008649B /* LevelSkill1PageModels.swift */; };
		F27D837A276FA8C60008649B /* LevelSkill1PageModelsCell.swift in Sources */ = {isa = PBXBuildFile; fileRef = F27D8379276FA8C60008649B /* LevelSkill1PageModelsCell.swift */; };
		F27D837C276FAEB10008649B /* LevelSkill2PageModels.swift in Sources */ = {isa = PBXBuildFile; fileRef = F27D837B276FAEB10008649B /* LevelSkill2PageModels.swift */; };
		F27D837E276FAEBE0008649B /* LevelSkill2PageModelsCell.swift in Sources */ = {isa = PBXBuildFile; fileRef = F27D837D276FAEBE0008649B /* LevelSkill2PageModelsCell.swift */; };
		F27D8380276FB3700008649B /* LevelSkill3PageModels.swift in Sources */ = {isa = PBXBuildFile; fileRef = F27D837F276FB3700008649B /* LevelSkill3PageModels.swift */; };
		F27D8382276FB37F0008649B /* LevelSkill3PageModelsCell.swift in Sources */ = {isa = PBXBuildFile; fileRef = F27D8381276FB37F0008649B /* LevelSkill3PageModelsCell.swift */; };
		F285F75A273BB89E009A34AD /* TabBarViewController.swift in Sources */ = {isa = PBXBuildFile; fileRef = F285F759273BB89E009A34AD /* TabBarViewController.swift */; };
		F285F75C273BB8F8009A34AD /* FirstPageViewController.swift in Sources */ = {isa = PBXBuildFile; fileRef = F285F75B273BB8F8009A34AD /* FirstPageViewController.swift */; };
		F285F75E273BB908009A34AD /* SignUpViewController.swift in Sources */ = {isa = PBXBuildFile; fileRef = F285F75D273BB908009A34AD /* SignUpViewController.swift */; };
		F285F767273BBF57009A34AD /* RecoverPasswordViewController.swift in Sources */ = {isa = PBXBuildFile; fileRef = F285F766273BBF57009A34AD /* RecoverPasswordViewController.swift */; };
		F285F769273BBFA6009A34AD /* TransitionsViewController.swift in Sources */ = {isa = PBXBuildFile; fileRef = F285F768273BBFA6009A34AD /* TransitionsViewController.swift */; };
		F285F76B273BBFB6009A34AD /* UserDataViewController.swift in Sources */ = {isa = PBXBuildFile; fileRef = F285F76A273BBFB6009A34AD /* UserDataViewController.swift */; };
		F285F76D273BBFF6009A34AD /* CharacterViewController.swift in Sources */ = {isa = PBXBuildFile; fileRef = F285F76C273BBFF6009A34AD /* CharacterViewController.swift */; };
		F285F76F273BC01E009A34AD /* IGViewController.swift in Sources */ = {isa = PBXBuildFile; fileRef = F285F76E273BC01E009A34AD /* IGViewController.swift */; };
		F285F773273BC03D009A34AD /* HomePageViewController.swift in Sources */ = {isa = PBXBuildFile; fileRef = F285F772273BC03D009A34AD /* HomePageViewController.swift */; };
		F285F775273BC048009A34AD /* RankPageViewController.swift in Sources */ = {isa = PBXBuildFile; fileRef = F285F774273BC048009A34AD /* RankPageViewController.swift */; };
		F285F777273BC051009A34AD /* SettingViewController.swift in Sources */ = {isa = PBXBuildFile; fileRef = F285F776273BC051009A34AD /* SettingViewController.swift */; };
		F287484227708D2500E60ED6 /* ImageModels.swift in Sources */ = {isa = PBXBuildFile; fileRef = F287484127708D2500E60ED6 /* ImageModels.swift */; };
		F28748442770A67300E60ED6 /* HeaderView.swift in Sources */ = {isa = PBXBuildFile; fileRef = F28748432770A67300E60ED6 /* HeaderView.swift */; };
		F28843A32770E00B004099F4 /* waterTest.swift in Sources */ = {isa = PBXBuildFile; fileRef = F28843A22770E00B004099F4 /* waterTest.swift */; };
		F28DC71D2746DA8D0094DFD1 /* GameScene.swift in Sources */ = {isa = PBXBuildFile; fileRef = F28DC71C2746DA8D0094DFD1 /* GameScene.swift */; };
		F293C91F2744069400FCD0AA /* GameViewController.swift in Sources */ = {isa = PBXBuildFile; fileRef = F293C91E2744069400FCD0AA /* GameViewController.swift */; };
		F293C921274413FE00FCD0AA /* ProgressBarBode.swift in Sources */ = {isa = PBXBuildFile; fileRef = F293C920274413FE00FCD0AA /* ProgressBarBode.swift */; };
		F2B01BFA2770EE8500F80D3F /* BreakfirstViewController.swift in Sources */ = {isa = PBXBuildFile; fileRef = F2B01BF92770EE8500F80D3F /* BreakfirstViewController.swift */; };
		F2C381DB273EDFA100BC22C4 /* AuthTextField.swift in Sources */ = {isa = PBXBuildFile; fileRef = F2C381DA273EDFA100BC22C4 /* AuthTextField.swift */; };
		F2C381DD273EE94000BC22C4 /* AuthButton.swift in Sources */ = {isa = PBXBuildFile; fileRef = F2C381DC273EE94000BC22C4 /* AuthButton.swift */; };
		F2D11CB8275E02EA000277C2 /* ChooseMainViewController.swift in Sources */ = {isa = PBXBuildFile; fileRef = F2D11CB7275E02EA000277C2 /* ChooseMainViewController.swift */; };
		F2D11CBA275E0987000277C2 /* ChooseMainSkill.swift in Sources */ = {isa = PBXBuildFile; fileRef = F2D11CB9275E0987000277C2 /* ChooseMainSkill.swift */; };
		F2D11CBC275E1EAF000277C2 /* ChooseMainSkillIntroduce.swift in Sources */ = {isa = PBXBuildFile; fileRef = F2D11CBB275E1EAF000277C2 /* ChooseMainSkillIntroduce.swift */; };
		F2F32D4D274B5AD0000C2122 /* ResultViewController.swift in Sources */ = {isa = PBXBuildFile; fileRef = F2F32D4C274B5AD0000C2122 /* ResultViewController.swift */; };
		F2F74585276F93DC008E2D2F /* LevelSkillViewController.swift in Sources */ = {isa = PBXBuildFile; fileRef = F2F74584276F93DC008E2D2F /* LevelSkillViewController.swift */; };
		F2F74587276F954F008E2D2F /* LevelSkillPageMain.swift in Sources */ = {isa = PBXBuildFile; fileRef = F2F74586276F954F008E2D2F /* LevelSkillPageMain.swift */; };
		F2F9985A275E733D008DA346 /* ChooseMainPageMainInfo.swift in Sources */ = {isa = PBXBuildFile; fileRef = F2F99859275E733D008DA346 /* ChooseMainPageMainInfo.swift */; };
/* End PBXBuildFile section */

/* Begin PBXFileReference section */
		24BF634506759B595E9A0E44 /* Pods_KILOGO.framework */ = {isa = PBXFileReference; explicitFileType = wrapper.framework; includeInIndex = 0; path = Pods_KILOGO.framework; sourceTree = BUILT_PRODUCTS_DIR; };
		6A596DEACD524A7C5ECE5DA0 /* Pods-KILOGO.release.xcconfig */ = {isa = PBXFileReference; includeInIndex = 1; lastKnownFileType = text.xcconfig; name = "Pods-KILOGO.release.xcconfig"; path = "Target Support Files/Pods-KILOGO/Pods-KILOGO.release.xcconfig"; sourceTree = "<group>"; };
		850605402B7CA4C000FA4E85 /* AuthButtonType.swift */ = {isa = PBXFileReference; lastKnownFileType = sourcecode.swift; path = AuthButtonType.swift; sourceTree = "<group>"; };
		850605422B7CC49D00FA4E85 /* AuthTextFieldType.swift */ = {isa = PBXFileReference; lastKnownFileType = sourcecode.swift; path = AuthTextFieldType.swift; sourceTree = "<group>"; };
		850605462B808EB800FA4E85 /* GoogleService-Info.plist */ = {isa = PBXFileReference; fileEncoding = 4; lastKnownFileType = text.plist.xml; name = "GoogleService-Info.plist"; path = "../../../../Downloads/GoogleService-Info.plist"; sourceTree = "<group>"; };
		850605482B80939700FA4E85 /* AuthManager2.swift */ = {isa = PBXFileReference; lastKnownFileType = sourcecode.swift; path = AuthManager2.swift; sourceTree = "<group>"; };
		8506054A2B86054E00FA4E85 /* RealtimeDatabaseManager.swift */ = {isa = PBXFileReference; lastKnownFileType = sourcecode.swift; path = RealtimeDatabaseManager.swift; sourceTree = "<group>"; };
		850605522B88814900FA4E85 /* CharacterSelectViewController.swift */ = {isa = PBXFileReference; lastKnownFileType = sourcecode.swift; path = CharacterSelectViewController.swift; sourceTree = "<group>"; };
		850605542B88831F00FA4E85 /* CharacterCell.swift */ = {isa = PBXFileReference; lastKnownFileType = sourcecode.swift; path = CharacterCell.swift; sourceTree = "<group>"; };
		850605562B8C56FD00FA4E85 /* CustomLayout.swift */ = {isa = PBXFileReference; lastKnownFileType = sourcecode.swift; path = CustomLayout.swift; sourceTree = "<group>"; };
		850605582B91AEB100FA4E85 /* CollectionViewFlowLayout.swift */ = {isa = PBXFileReference; lastKnownFileType = sourcecode.swift; path = CollectionViewFlowLayout.swift; sourceTree = "<group>"; };
		8506055A2B9B09FA00FA4E85 /* KcalProgressBar.swift */ = {isa = PBXFileReference; lastKnownFileType = sourcecode.swift; path = KcalProgressBar.swift; sourceTree = "<group>"; };
		8506055C2BA0349D00FA4E85 /* CircleProgressBar.swift */ = {isa = PBXFileReference; lastKnownFileType = sourcecode.swift; path = CircleProgressBar.swift; sourceTree = "<group>"; };
		858013122BA80EB700534318 /* ChooseBarCell.swift */ = {isa = PBXFileReference; lastKnownFileType = sourcecode.swift; path = ChooseBarCell.swift; sourceTree = "<group>"; };
		858013142BA82F0800534318 /* ChooseButtonLine.swift */ = {isa = PBXFileReference; lastKnownFileType = sourcecode.swift; path = ChooseButtonLine.swift; sourceTree = "<group>"; };
		858013162BAAD86400534318 /* DataPickerContainerView.swift */ = {isa = PBXFileReference; lastKnownFileType = sourcecode.swift; path = DataPickerContainerView.swift; sourceTree = "<group>"; };
		858013182BAADB4100534318 /* DataPickerViewController.swift */ = {isa = PBXFileReference; lastKnownFileType = sourcecode.swift; path = DataPickerViewController.swift; sourceTree = "<group>"; };
		8580131A2BB011EF00534318 /* FoodDataSearchViewController.swift */ = {isa = PBXFileReference; lastKnownFileType = sourcecode.swift; path = FoodDataSearchViewController.swift; sourceTree = "<group>"; };
		8580131C2BB0144600534318 /* FoodDataCell.swift */ = {isa = PBXFileReference; lastKnownFileType = sourcecode.swift; path = FoodDataCell.swift; sourceTree = "<group>"; };
		8580131F2BB0236B00534318 /* KILO GO.xcdatamodel */ = {isa = PBXFileReference; lastKnownFileType = wrapper.xcdatamodel; path = "KILO GO.xcdatamodel"; sourceTree = "<group>"; };
		858013272BB0331000534318 /* FoodMO+CoreDataClass.swift */ = {isa = PBXFileReference; lastKnownFileType = sourcecode.swift; path = "FoodMO+CoreDataClass.swift"; sourceTree = "<group>"; };
		858013282BB0331000534318 /* FoodMO+CoreDataProperties.swift */ = {isa = PBXFileReference; lastKnownFileType = sourcecode.swift; path = "FoodMO+CoreDataProperties.swift"; sourceTree = "<group>"; };
		8580132C2BB1328C00534318 /* FoodModel.swift */ = {isa = PBXFileReference; lastKnownFileType = sourcecode.swift; path = FoodModel.swift; sourceTree = "<group>"; };
		8580132E2BB134F900534318 /* foodData.json */ = {isa = PBXFileReference; fileEncoding = 4; lastKnownFileType = text.json; name = foodData.json; path = ../../../../Downloads/foodData.json; sourceTree = "<group>"; };
		858013302BB4281600534318 /* SkillView.swift */ = {isa = PBXFileReference; lastKnownFileType = sourcecode.swift; path = SkillView.swift; sourceTree = "<group>"; };
		858013332BB4553800534318 /* SkillOneView.swift */ = {isa = PBXFileReference; lastKnownFileType = sourcecode.swift; path = SkillOneView.swift; sourceTree = "<group>"; };
		858013352BB4561600534318 /* SkillTwoView.swift */ = {isa = PBXFileReference; lastKnownFileType = sourcecode.swift; path = SkillTwoView.swift; sourceTree = "<group>"; };
		858013372BB4568100534318 /* SkillThreeView.swift */ = {isa = PBXFileReference; lastKnownFileType = sourcecode.swift; path = SkillThreeView.swift; sourceTree = "<group>"; };
		858013392BB4576300534318 /* SkillViewController.swift */ = {isa = PBXFileReference; lastKnownFileType = sourcecode.swift; path = SkillViewController.swift; sourceTree = "<group>"; };
		8580133C2BBA831C00534318 /* SkillContentView.swift */ = {isa = PBXFileReference; lastKnownFileType = sourcecode.swift; path = SkillContentView.swift; sourceTree = "<group>"; };
		DB8570A4D7ED3DBC8BF971C4 /* Pods-KILOGO.debug.xcconfig */ = {isa = PBXFileReference; includeInIndex = 1; lastKnownFileType = text.xcconfig; name = "Pods-KILOGO.debug.xcconfig"; path = "Target Support Files/Pods-KILOGO/Pods-KILOGO.debug.xcconfig"; sourceTree = "<group>"; };
		F2149C4327424DC8006B5C1A /* ARViewController.swift */ = {isa = PBXFileReference; lastKnownFileType = sourcecode.swift; path = ARViewController.swift; sourceTree = "<group>"; };
		F2149C4727425312006B5C1A /* SKScene.sks */ = {isa = PBXFileReference; lastKnownFileType = file.sks; path = SKScene.sks; sourceTree = "<group>"; };
		F2149C492742547A006B5C1A /* Scene.swift */ = {isa = PBXFileReference; lastKnownFileType = sourcecode.swift; path = Scene.swift; sourceTree = "<group>"; };
		F21548FF2747F87A008E6779 /* Actions.sks */ = {isa = PBXFileReference; lastKnownFileType = file.sks; path = Actions.sks; sourceTree = "<group>"; };
		F215DCE4276220D2009D76CB /* PlainCircularProgressBar.swift */ = {isa = PBXFileReference; lastKnownFileType = sourcecode.swift; path = PlainCircularProgressBar.swift; sourceTree = "<group>"; };
		F215DCE627628A3B009D76CB /* PlainHorizontalProgressBar.swift */ = {isa = PBXFileReference; lastKnownFileType = sourcecode.swift; path = PlainHorizontalProgressBar.swift; sourceTree = "<group>"; };
		F222E46B273C412700BB8E5D /* Int+EXT.swift */ = {isa = PBXFileReference; lastKnownFileType = sourcecode.swift; path = "Int+EXT.swift"; sourceTree = "<group>"; };
		F224D458274A54C60057AB48 /* GameModels.swift */ = {isa = PBXFileReference; lastKnownFileType = sourcecode.swift; path = GameModels.swift; sourceTree = "<group>"; };
		F224D461274A9F2D0057AB48 /* Loading.mov */ = {isa = PBXFileReference; lastKnownFileType = video.quicktime; name = Loading.mov; path = "技能動畫/Loading.mov"; sourceTree = SOURCE_ROOT; };
		F224D463274AA3F10057AB48 /* LoadingViewController.swift */ = {isa = PBXFileReference; lastKnownFileType = sourcecode.swift; path = LoadingViewController.swift; sourceTree = "<group>"; };
		F226F70D275DF72F0081E2F5 /* LabelViewController.swift */ = {isa = PBXFileReference; lastKnownFileType = sourcecode.swift; path = LabelViewController.swift; sourceTree = "<group>"; };
		F22A4658274D3E4C004B2012 /* ARImageView.swift */ = {isa = PBXFileReference; lastKnownFileType = sourcecode.swift; path = ARImageView.swift; sourceTree = "<group>"; };
		F22A465A274D5DF6004B2012 /* BodyTrackingConfiguration.swift */ = {isa = PBXFileReference; lastKnownFileType = sourcecode.swift; path = BodyTrackingConfiguration.swift; sourceTree = "<group>"; };
		F2304E462743946500BC8C50 /* BackButton.swift */ = {isa = PBXFileReference; lastKnownFileType = sourcecode.swift; path = BackButton.swift; sourceTree = "<group>"; };
		F2304E4827439C5B00BC8C50 /* Email+EXT.swift */ = {isa = PBXFileReference; lastKnownFileType = sourcecode.swift; path = "Email+EXT.swift"; sourceTree = "<group>"; };
		F23996ED273BB2E5007F8ADE /* KILOGO.app */ = {isa = PBXFileReference; explicitFileType = wrapper.application; includeInIndex = 0; path = KILOGO.app; sourceTree = BUILT_PRODUCTS_DIR; };
		F23996F0273BB2E5007F8ADE /* AppDelegate.swift */ = {isa = PBXFileReference; lastKnownFileType = sourcecode.swift; path = AppDelegate.swift; sourceTree = "<group>"; };
		F23996F2273BB2E5007F8ADE /* SceneDelegate.swift */ = {isa = PBXFileReference; lastKnownFileType = sourcecode.swift; path = SceneDelegate.swift; sourceTree = "<group>"; };
		F23996F4273BB2E5007F8ADE /* SignInViewController.swift */ = {isa = PBXFileReference; lastKnownFileType = sourcecode.swift; path = SignInViewController.swift; sourceTree = "<group>"; };
		F23996F9273BB2E6007F8ADE /* Assets.xcassets */ = {isa = PBXFileReference; lastKnownFileType = folder.assetcatalog; path = Assets.xcassets; sourceTree = "<group>"; };
		F23996FC273BB2E6007F8ADE /* Base */ = {isa = PBXFileReference; lastKnownFileType = file.storyboard; name = Base; path = Base.lproj/LaunchScreen.storyboard; sourceTree = "<group>"; };
		F23996FE273BB2E6007F8ADE /* Info.plist */ = {isa = PBXFileReference; lastKnownFileType = text.plist.xml; path = Info.plist; sourceTree = "<group>"; };
		F24063D9276A2E9E00498EA9 /* listBackgroundPoint.swift */ = {isa = PBXFileReference; lastKnownFileType = sourcecode.swift; path = listBackgroundPoint.swift; sourceTree = "<group>"; };
		F243DD9D274BD83300559D18 /* winning-1.mov */ = {isa = PBXFileReference; lastKnownFileType = video.quicktime; path = "winning-1.mov"; sourceTree = SOURCE_ROOT; };
		F246496B273BE29300E2F2F6 /* IGHomeFeedCellType.swift */ = {isa = PBXFileReference; lastKnownFileType = sourcecode.swift; path = IGHomeFeedCellType.swift; sourceTree = "<group>"; };
		F246496D273BE34500E2F2F6 /* PostCollectionViewCellViewModel.swift */ = {isa = PBXFileReference; lastKnownFileType = sourcecode.swift; path = PostCollectionViewCellViewModel.swift; sourceTree = "<group>"; };
		F246496F273BE36000E2F2F6 /* PosterCollecitonViewCellViewModel.swift */ = {isa = PBXFileReference; lastKnownFileType = sourcecode.swift; path = PosterCollecitonViewCellViewModel.swift; sourceTree = "<group>"; };
		F2464973273BE54600E2F2F6 /* PosterCollectionViewCell.swift */ = {isa = PBXFileReference; lastKnownFileType = sourcecode.swift; path = PosterCollectionViewCell.swift; sourceTree = "<group>"; };
		F2464975273BE57F00E2F2F6 /* PostCollectionViewCell.swift */ = {isa = PBXFileReference; lastKnownFileType = sourcecode.swift; path = PostCollectionViewCell.swift; sourceTree = "<group>"; };
		F2464977273BE8C700E2F2F6 /* Post.swift */ = {isa = PBXFileReference; lastKnownFileType = sourcecode.swift; path = Post.swift; sourceTree = "<group>"; };
		F2464979273BF66300E2F2F6 /* PostButtonCollectionViewCell.swift */ = {isa = PBXFileReference; lastKnownFileType = sourcecode.swift; path = PostButtonCollectionViewCell.swift; sourceTree = "<group>"; };
		F246497B273BF7A400E2F2F6 /* PostButtonCollectionViewModel.swift */ = {isa = PBXFileReference; lastKnownFileType = sourcecode.swift; path = PostButtonCollectionViewModel.swift; sourceTree = "<group>"; };
		F246497D273BF8E400E2F2F6 /* PostLikeNumberCollectionViewCell.swift */ = {isa = PBXFileReference; lastKnownFileType = sourcecode.swift; path = PostLikeNumberCollectionViewCell.swift; sourceTree = "<group>"; };
		F246497F273BF8FB00E2F2F6 /* PostLikeNumberCollectionViewModel.swift */ = {isa = PBXFileReference; lastKnownFileType = sourcecode.swift; path = PostLikeNumberCollectionViewModel.swift; sourceTree = "<group>"; };
		F24E5A3D276C8986008054D8 /* 地獄之火.mov */ = {isa = PBXFileReference; lastKnownFileType = video.quicktime; path = "地獄之火.mov"; sourceTree = "<group>"; };
		F24E5A3E276C8986008054D8 /* 章魚燒庛佑.mov */ = {isa = PBXFileReference; lastKnownFileType = video.quicktime; path = "章魚燒庛佑.mov"; sourceTree = "<group>"; };
		F24E5A3F276C8986008054D8 /* 熊熊火爆.mov */ = {isa = PBXFileReference; lastKnownFileType = video.quicktime; path = "熊熊火爆.mov"; sourceTree = "<group>"; };
		F25358422770B8CB0011D6F0 /* test.swift */ = {isa = PBXFileReference; lastKnownFileType = sourcecode.swift; path = test.swift; sourceTree = "<group>"; };
		F25358442770CCC20011D6F0 /* 主畫面熊動畫.mov */ = {isa = PBXFileReference; lastKnownFileType = video.quicktime; path = "主畫面熊動畫.mov"; sourceTree = SOURCE_ROOT; };
		F25358462770D06E0011D6F0 /* FoodDataViewController.swift */ = {isa = PBXFileReference; fileEncoding = 4; lastKnownFileType = sourcecode.swift; path = FoodDataViewController.swift; sourceTree = SOURCE_ROOT; };
		F25358472770D06E0011D6F0 /* FoodSearchViewController.swift */ = {isa = PBXFileReference; fileEncoding = 4; lastKnownFileType = sourcecode.swift; path = FoodSearchViewController.swift; sourceTree = SOURCE_ROOT; };
		F253584B2770D6520011D6F0 /* SearchFoodBarPageTableViewCell.swift */ = {isa = PBXFileReference; lastKnownFileType = sourcecode.swift; path = SearchFoodBarPageTableViewCell.swift; sourceTree = "<group>"; };
		F255B5C9276B3007007FAD81 /* ResultsViewController.swift */ = {isa = PBXFileReference; lastKnownFileType = sourcecode.swift; path = ResultsViewController.swift; sourceTree = "<group>"; };
		F255B5CB276B3640007FAD81 /* 結算音樂.mp3 */ = {isa = PBXFileReference; lastKnownFileType = audio.mp3; path = "結算音樂.mp3"; sourceTree = "<group>"; };
		F255B5CC276B3640007FAD81 /* 遊戲音樂.mp3 */ = {isa = PBXFileReference; lastKnownFileType = audio.mp3; path = "遊戲音樂.mp3"; sourceTree = "<group>"; };
		F255B5CF276B3BB6007FAD81 /* 遊戲音樂2.mp3 */ = {isa = PBXFileReference; lastKnownFileType = audio.mp3; path = "遊戲音樂2.mp3"; sourceTree = "<group>"; };
		F25C5AE0276AFD2D00D99183 /* touchPointMusic.mp3 */ = {isa = PBXFileReference; lastKnownFileType = audio.mp3; path = touchPointMusic.mp3; sourceTree = SOURCE_ROOT; };
		F269950A276C7CD00029EAFD /* mainMusic.mp3 */ = {isa = PBXFileReference; lastKnownFileType = audio.mp3; path = mainMusic.mp3; sourceTree = SOURCE_ROOT; };
		F27D8377276FA6B80008649B /* LevelSkill1PageModels.swift */ = {isa = PBXFileReference; lastKnownFileType = sourcecode.swift; path = LevelSkill1PageModels.swift; sourceTree = "<group>"; };
		F27D8379276FA8C60008649B /* LevelSkill1PageModelsCell.swift */ = {isa = PBXFileReference; lastKnownFileType = sourcecode.swift; path = LevelSkill1PageModelsCell.swift; sourceTree = "<group>"; };
		F27D837B276FAEB10008649B /* LevelSkill2PageModels.swift */ = {isa = PBXFileReference; lastKnownFileType = sourcecode.swift; path = LevelSkill2PageModels.swift; sourceTree = "<group>"; };
		F27D837D276FAEBE0008649B /* LevelSkill2PageModelsCell.swift */ = {isa = PBXFileReference; lastKnownFileType = sourcecode.swift; path = LevelSkill2PageModelsCell.swift; sourceTree = "<group>"; };
		F27D837F276FB3700008649B /* LevelSkill3PageModels.swift */ = {isa = PBXFileReference; lastKnownFileType = sourcecode.swift; path = LevelSkill3PageModels.swift; sourceTree = "<group>"; };
		F27D8381276FB37F0008649B /* LevelSkill3PageModelsCell.swift */ = {isa = PBXFileReference; lastKnownFileType = sourcecode.swift; path = LevelSkill3PageModelsCell.swift; sourceTree = "<group>"; };
		F285F759273BB89E009A34AD /* TabBarViewController.swift */ = {isa = PBXFileReference; lastKnownFileType = sourcecode.swift; path = TabBarViewController.swift; sourceTree = "<group>"; };
		F285F75B273BB8F8009A34AD /* FirstPageViewController.swift */ = {isa = PBXFileReference; lastKnownFileType = sourcecode.swift; path = FirstPageViewController.swift; sourceTree = "<group>"; };
		F285F75D273BB908009A34AD /* SignUpViewController.swift */ = {isa = PBXFileReference; lastKnownFileType = sourcecode.swift; path = SignUpViewController.swift; sourceTree = "<group>"; };
		F285F763273BBC18009A34AD /* PositionSizeModel.swift */ = {isa = PBXFileReference; lastKnownFileType = sourcecode.swift; path = PositionSizeModel.swift; sourceTree = "<group>"; };
		F285F766273BBF57009A34AD /* RecoverPasswordViewController.swift */ = {isa = PBXFileReference; lastKnownFileType = sourcecode.swift; path = RecoverPasswordViewController.swift; sourceTree = "<group>"; };
		F285F768273BBFA6009A34AD /* TransitionsViewController.swift */ = {isa = PBXFileReference; lastKnownFileType = sourcecode.swift; path = TransitionsViewController.swift; sourceTree = "<group>"; };
		F285F76A273BBFB6009A34AD /* UserDataViewController.swift */ = {isa = PBXFileReference; lastKnownFileType = sourcecode.swift; path = UserDataViewController.swift; sourceTree = "<group>"; };
		F285F76C273BBFF6009A34AD /* CharacterViewController.swift */ = {isa = PBXFileReference; lastKnownFileType = sourcecode.swift; path = CharacterViewController.swift; sourceTree = "<group>"; };
		F285F76E273BC01E009A34AD /* IGViewController.swift */ = {isa = PBXFileReference; lastKnownFileType = sourcecode.swift; path = IGViewController.swift; sourceTree = "<group>"; };
		F285F772273BC03D009A34AD /* HomePageViewController.swift */ = {isa = PBXFileReference; lastKnownFileType = sourcecode.swift; path = HomePageViewController.swift; sourceTree = "<group>"; };
		F285F774273BC048009A34AD /* RankPageViewController.swift */ = {isa = PBXFileReference; lastKnownFileType = sourcecode.swift; path = RankPageViewController.swift; sourceTree = "<group>"; };
		F285F776273BC051009A34AD /* SettingViewController.swift */ = {isa = PBXFileReference; lastKnownFileType = sourcecode.swift; path = SettingViewController.swift; sourceTree = "<group>"; };
		F287484127708D2500E60ED6 /* ImageModels.swift */ = {isa = PBXFileReference; lastKnownFileType = sourcecode.swift; path = ImageModels.swift; sourceTree = "<group>"; };
		F28748432770A67300E60ED6 /* HeaderView.swift */ = {isa = PBXFileReference; lastKnownFileType = sourcecode.swift; path = HeaderView.swift; sourceTree = "<group>"; };
		F28843A22770E00B004099F4 /* waterTest.swift */ = {isa = PBXFileReference; lastKnownFileType = sourcecode.swift; path = waterTest.swift; sourceTree = "<group>"; };
		F28DC71C2746DA8D0094DFD1 /* GameScene.swift */ = {isa = PBXFileReference; lastKnownFileType = sourcecode.swift; path = GameScene.swift; sourceTree = "<group>"; };
		F293C91E2744069400FCD0AA /* GameViewController.swift */ = {isa = PBXFileReference; lastKnownFileType = sourcecode.swift; path = GameViewController.swift; sourceTree = "<group>"; };
		F293C920274413FE00FCD0AA /* ProgressBarBode.swift */ = {isa = PBXFileReference; lastKnownFileType = sourcecode.swift; path = ProgressBarBode.swift; sourceTree = "<group>"; };
		F2B01BF92770EE8500F80D3F /* BreakfirstViewController.swift */ = {isa = PBXFileReference; lastKnownFileType = sourcecode.swift; path = BreakfirstViewController.swift; sourceTree = "<group>"; };
		F2C381DA273EDFA100BC22C4 /* AuthTextField.swift */ = {isa = PBXFileReference; lastKnownFileType = sourcecode.swift; path = AuthTextField.swift; sourceTree = "<group>"; };
		F2C381DC273EE94000BC22C4 /* AuthButton.swift */ = {isa = PBXFileReference; lastKnownFileType = sourcecode.swift; path = AuthButton.swift; sourceTree = "<group>"; };
		F2D11CB7275E02EA000277C2 /* ChooseMainViewController.swift */ = {isa = PBXFileReference; lastKnownFileType = sourcecode.swift; path = ChooseMainViewController.swift; sourceTree = "<group>"; };
		F2D11CB9275E0987000277C2 /* ChooseMainSkill.swift */ = {isa = PBXFileReference; lastKnownFileType = sourcecode.swift; path = ChooseMainSkill.swift; sourceTree = "<group>"; };
		F2D11CBB275E1EAF000277C2 /* ChooseMainSkillIntroduce.swift */ = {isa = PBXFileReference; lastKnownFileType = sourcecode.swift; path = ChooseMainSkillIntroduce.swift; sourceTree = "<group>"; };
		F2F32D4C274B5AD0000C2122 /* ResultViewController.swift */ = {isa = PBXFileReference; lastKnownFileType = sourcecode.swift; path = ResultViewController.swift; sourceTree = "<group>"; };
		F2F74584276F93DC008E2D2F /* LevelSkillViewController.swift */ = {isa = PBXFileReference; lastKnownFileType = sourcecode.swift; path = LevelSkillViewController.swift; sourceTree = "<group>"; };
		F2F74586276F954F008E2D2F /* LevelSkillPageMain.swift */ = {isa = PBXFileReference; lastKnownFileType = sourcecode.swift; path = LevelSkillPageMain.swift; sourceTree = "<group>"; };
		F2F99859275E733D008DA346 /* ChooseMainPageMainInfo.swift */ = {isa = PBXFileReference; lastKnownFileType = sourcecode.swift; path = ChooseMainPageMainInfo.swift; sourceTree = "<group>"; };
/* End PBXFileReference section */

/* Begin PBXFrameworksBuildPhase section */
		F23996EA273BB2E5007F8ADE /* Frameworks */ = {
			isa = PBXFrameworksBuildPhase;
			buildActionMask = 2147483647;
			files = (
				8510493BDC53CD4E1AA331C2 /* Pods_KILOGO.framework in Frameworks */,
			);
			runOnlyForDeploymentPostprocessing = 0;
		};
/* End PBXFrameworksBuildPhase section */

/* Begin PBXGroup section */
		6EEDC1423B2FD66E3EAEB3B2 /* Pods */ = {
			isa = PBXGroup;
			children = (
				DB8570A4D7ED3DBC8BF971C4 /* Pods-KILOGO.debug.xcconfig */,
				6A596DEACD524A7C5ECE5DA0 /* Pods-KILOGO.release.xcconfig */,
			);
			path = Pods;
			sourceTree = "<group>";
		};
		8506053F2B7CA46B00FA4E85 /* Utilities */ = {
			isa = PBXGroup;
			children = (
				850605402B7CA4C000FA4E85 /* AuthButtonType.swift */,
				850605422B7CC49D00FA4E85 /* AuthTextFieldType.swift */,
			);
			path = Utilities;
			sourceTree = "<group>";
		};
		858013322BB450E800534318 /* Skill Item */ = {
			isa = PBXGroup;
			children = (
				858013302BB4281600534318 /* SkillView.swift */,
				8580133C2BBA831C00534318 /* SkillContentView.swift */,
				858013332BB4553800534318 /* SkillOneView.swift */,
				858013352BB4561600534318 /* SkillTwoView.swift */,
				858013372BB4568100534318 /* SkillThreeView.swift */,
			);
			path = "Skill Item";
			sourceTree = "<group>";
		};
		ACC4CC2A9C364C14B09E589F /* Frameworks */ = {
			isa = PBXGroup;
			children = (
				24BF634506759B595E9A0E44 /* Pods_KILOGO.framework */,
			);
			name = Frameworks;
			sourceTree = "<group>";
		};
		F215DCE3276220BB009D76CB /* ProgressBar */ = {
			isa = PBXGroup;
			children = (
				F215DCE4276220D2009D76CB /* PlainCircularProgressBar.swift */,
				F215DCE627628A3B009D76CB /* PlainHorizontalProgressBar.swift */,
				8506055A2B9B09FA00FA4E85 /* KcalProgressBar.swift */,
				8506055C2BA0349D00FA4E85 /* CircleProgressBar.swift */,
			);
			path = ProgressBar;
			sourceTree = "<group>";
		};
		F224D45A274A96C50057AB48 /* GameSkillMov */ = {
			isa = PBXGroup;
			children = (
			);
			path = GameSkillMov;
			sourceTree = "<group>";
		};
		F226F70C275DF6AF0081E2F5 /* InSignedPage */ = {
			isa = PBXGroup;
			children = (
				F226F70D275DF72F0081E2F5 /* LabelViewController.swift */,
				F2D11CB7275E02EA000277C2 /* ChooseMainViewController.swift */,
			);
			path = InSignedPage;
			sourceTree = "<group>";
		};
		F23996E4273BB2E5007F8ADE = {
			isa = PBXGroup;
			children = (
				858013272BB0331000534318 /* FoodMO+CoreDataClass.swift */,
				858013282BB0331000534318 /* FoodMO+CoreDataProperties.swift */,
				F24E5A3B276C8986008054D8 /* 技能動畫 */,
				F255B5C6276B1BBE007FAD81 /* Music */,
				F224D45A274A96C50057AB48 /* GameSkillMov */,
				F293C91B274405F600FCD0AA /* SpriteKitGame */,
				F2442981273D93BA00C685BE /* ARGame */,
				F23996EF273BB2E5007F8ADE /* KILOGO */,
				F23996EE273BB2E5007F8ADE /* Products */,
				6EEDC1423B2FD66E3EAEB3B2 /* Pods */,
				ACC4CC2A9C364C14B09E589F /* Frameworks */,
			);
			sourceTree = "<group>";
		};
		F23996EE273BB2E5007F8ADE /* Products */ = {
			isa = PBXGroup;
			children = (
				F23996ED273BB2E5007F8ADE /* KILOGO.app */,
			);
			name = Products;
			sourceTree = "<group>";
		};
		F23996EF273BB2E5007F8ADE /* KILOGO */ = {
			isa = PBXGroup;
			children = (
				8506053F2B7CA46B00FA4E85 /* Utilities */,
				F2464972273BE52400E2F2F6 /* IGCollectionViewCell */,
				F2464971273BE36600E2F2F6 /* IGViewModels */,
				F285F778273BC29A009A34AD /* UIModels */,
				F285F762273BBC13009A34AD /* Models */,
				F285F75F273BB928009A34AD /* First */,
				F285F764273BBEF1009A34AD /* second */,
				F2442982273D963300C685BE /* FirebaseManager */,
				F2442983273D967900C685BE /* Resources */,
				F23996FE273BB2E6007F8ADE /* Info.plist */,
			);
			path = KILOGO;
			sourceTree = "<group>";
		};
		F2442981273D93BA00C685BE /* ARGame */ = {
			isa = PBXGroup;
			children = (
				F25C5ADF276AFD2500D99183 /* Music */,
				F2149C4327424DC8006B5C1A /* ARViewController.swift */,
				F22A4658274D3E4C004B2012 /* ARImageView.swift */,
				F2149C492742547A006B5C1A /* Scene.swift */,
				F22A465A274D5DF6004B2012 /* BodyTrackingConfiguration.swift */,
				F2149C4727425312006B5C1A /* SKScene.sks */,
				F24063D9276A2E9E00498EA9 /* listBackgroundPoint.swift */,
			);
			path = ARGame;
			sourceTree = "<group>";
		};
		F2442982273D963300C685BE /* FirebaseManager */ = {
			isa = PBXGroup;
			children = (
				850605482B80939700FA4E85 /* AuthManager2.swift */,
				8506054A2B86054E00FA4E85 /* RealtimeDatabaseManager.swift */,
			);
			path = FirebaseManager;
			sourceTree = "<group>";
		};
		F2442983273D967900C685BE /* Resources */ = {
			isa = PBXGroup;
			children = (
				850605462B808EB800FA4E85 /* GoogleService-Info.plist */,
				F23996F0273BB2E5007F8ADE /* AppDelegate.swift */,
				F23996F2273BB2E5007F8ADE /* SceneDelegate.swift */,
				F23996F9273BB2E6007F8ADE /* Assets.xcassets */,
				F23996FB273BB2E6007F8ADE /* LaunchScreen.storyboard */,
			);
			path = Resources;
			sourceTree = "<group>";
		};
		F2464971273BE36600E2F2F6 /* IGViewModels */ = {
			isa = PBXGroup;
			children = (
				F246496F273BE36000E2F2F6 /* PosterCollecitonViewCellViewModel.swift */,
				F246496D273BE34500E2F2F6 /* PostCollectionViewCellViewModel.swift */,
				F246497B273BF7A400E2F2F6 /* PostButtonCollectionViewModel.swift */,
				F246497F273BF8FB00E2F2F6 /* PostLikeNumberCollectionViewModel.swift */,
			);
			path = IGViewModels;
			sourceTree = "<group>";
		};
		F2464972273BE52400E2F2F6 /* IGCollectionViewCell */ = {
			isa = PBXGroup;
			children = (
				F2464973273BE54600E2F2F6 /* PosterCollectionViewCell.swift */,
				F2464975273BE57F00E2F2F6 /* PostCollectionViewCell.swift */,
				F2464979273BF66300E2F2F6 /* PostButtonCollectionViewCell.swift */,
				F246497D273BF8E400E2F2F6 /* PostLikeNumberCollectionViewCell.swift */,
			);
			path = IGCollectionViewCell;
			sourceTree = "<group>";
		};
		F24E5A3B276C8986008054D8 /* 技能動畫 */ = {
			isa = PBXGroup;
			children = (
				F224D461274A9F2D0057AB48 /* Loading.mov */,
				F243DD9D274BD83300559D18 /* winning-1.mov */,
				F24E5A3C276C8986008054D8 /* 熊 */,
			);
			path = "技能動畫";
			sourceTree = SOURCE_ROOT;
		};
		F24E5A3C276C8986008054D8 /* 熊 */ = {
			isa = PBXGroup;
			children = (
				F24E5A3D276C8986008054D8 /* 地獄之火.mov */,
				F24E5A3E276C8986008054D8 /* 章魚燒庛佑.mov */,
				F24E5A3F276C8986008054D8 /* 熊熊火爆.mov */,
			);
			path = "熊";
			sourceTree = "<group>";
		};
		F253584A2770D62B0011D6F0 /* FoodTableViewCell */ = {
			isa = PBXGroup;
			children = (
				F253584B2770D6520011D6F0 /* SearchFoodBarPageTableViewCell.swift */,
			);
			path = FoodTableViewCell;
			sourceTree = "<group>";
		};
		F255B5C6276B1BBE007FAD81 /* Music */ = {
			isa = PBXGroup;
			children = (
				F269950A276C7CD00029EAFD /* mainMusic.mp3 */,
				F255B5CF276B3BB6007FAD81 /* 遊戲音樂2.mp3 */,
				F255B5CB276B3640007FAD81 /* 結算音樂.mp3 */,
				F255B5CC276B3640007FAD81 /* 遊戲音樂.mp3 */,
			);
			path = Music;
			sourceTree = "<group>";
		};
		F25C5ADF276AFD2500D99183 /* Music */ = {
			isa = PBXGroup;
			children = (
				F25C5AE0276AFD2D00D99183 /* touchPointMusic.mp3 */,
			);
			path = Music;
			sourceTree = "<group>";
		};
		F285F75F273BB928009A34AD /* First */ = {
			isa = PBXGroup;
			children = (
				F226F70C275DF6AF0081E2F5 /* InSignedPage */,
				F285F75B273BB8F8009A34AD /* FirstPageViewController.swift */,
				F23996F4273BB2E5007F8ADE /* SignInViewController.swift */,
				F285F75D273BB908009A34AD /* SignUpViewController.swift */,
				F285F766273BBF57009A34AD /* RecoverPasswordViewController.swift */,
				F285F768273BBFA6009A34AD /* TransitionsViewController.swift */,
				F285F76A273BBFB6009A34AD /* UserDataViewController.swift */,
				F285F76C273BBFF6009A34AD /* CharacterViewController.swift */,
				850605522B88814900FA4E85 /* CharacterSelectViewController.swift */,
				850605542B88831F00FA4E85 /* CharacterCell.swift */,
				850605562B8C56FD00FA4E85 /* CustomLayout.swift */,
				850605582B91AEB100FA4E85 /* CollectionViewFlowLayout.swift */,
			);
			path = First;
			sourceTree = "<group>";
		};
		F285F762273BBC13009A34AD /* Models */ = {
			isa = PBXGroup;
			children = (
				F215DCE3276220BB009D76CB /* ProgressBar */,
				F285F763273BBC18009A34AD /* PositionSizeModel.swift */,
				F246496B273BE29300E2F2F6 /* IGHomeFeedCellType.swift */,
				F2464977273BE8C700E2F2F6 /* Post.swift */,
				F222E46B273C412700BB8E5D /* Int+EXT.swift */,
				F2304E4827439C5B00BC8C50 /* Email+EXT.swift */,
			);
			path = Models;
			sourceTree = "<group>";
		};
		F285F764273BBEF1009A34AD /* second */ = {
			isa = PBXGroup;
			children = (
				858013322BB450E800534318 /* Skill Item */,
				8580132E2BB134F900534318 /* foodData.json */,
				F2B01BFB2770EE8C00F80D3F /* FoodPage */,
				F253584A2770D62B0011D6F0 /* FoodTableViewCell */,
				F25358442770CCC20011D6F0 /* 主畫面熊動畫.mov */,
				F2F74588276FA4A3008E2D2F /* Models */,
				F285F76E273BC01E009A34AD /* IGViewController.swift */,
				F25358472770D06E0011D6F0 /* FoodSearchViewController.swift */,
				F285F772273BC03D009A34AD /* HomePageViewController.swift */,
				858013392BB4576300534318 /* SkillViewController.swift */,
				F285F774273BC048009A34AD /* RankPageViewController.swift */,
				F285F776273BC051009A34AD /* SettingViewController.swift */,
				F2F74584276F93DC008E2D2F /* LevelSkillViewController.swift */,
				F285F759273BB89E009A34AD /* TabBarViewController.swift */,
				858013122BA80EB700534318 /* ChooseBarCell.swift */,
				858013142BA82F0800534318 /* ChooseButtonLine.swift */,
				F25358462770D06E0011D6F0 /* FoodDataViewController.swift */,
				858013182BAADB4100534318 /* DataPickerViewController.swift */,
				858013162BAAD86400534318 /* DataPickerContainerView.swift */,
				8580131A2BB011EF00534318 /* FoodDataSearchViewController.swift */,
				8580131C2BB0144600534318 /* FoodDataCell.swift */,
				8580131E2BB0236B00534318 /* KILO GO.xcdatamodeld */,
				8580132C2BB1328C00534318 /* FoodModel.swift */,
			);
			path = second;
			sourceTree = "<group>";
		};
		F285F778273BC29A009A34AD /* UIModels */ = {
			isa = PBXGroup;
			children = (
				F2C381DA273EDFA100BC22C4 /* AuthTextField.swift */,
				F2C381DC273EE94000BC22C4 /* AuthButton.swift */,
				F2304E462743946500BC8C50 /* BackButton.swift */,
				F2D11CB9275E0987000277C2 /* ChooseMainSkill.swift */,
				F2D11CBB275E1EAF000277C2 /* ChooseMainSkillIntroduce.swift */,
				F2F99859275E733D008DA346 /* ChooseMainPageMainInfo.swift */,
				F2F74586276F954F008E2D2F /* LevelSkillPageMain.swift */,
			);
			path = UIModels;
			sourceTree = "<group>";
		};
		F293C91B274405F600FCD0AA /* SpriteKitGame */ = {
			isa = PBXGroup;
			children = (
				F293C91E2744069400FCD0AA /* GameViewController.swift */,
				F28DC71C2746DA8D0094DFD1 /* GameScene.swift */,
				F224D458274A54C60057AB48 /* GameModels.swift */,
				F293C920274413FE00FCD0AA /* ProgressBarBode.swift */,
				F224D463274AA3F10057AB48 /* LoadingViewController.swift */,
				F255B5C9276B3007007FAD81 /* ResultsViewController.swift */,
				F2F32D4C274B5AD0000C2122 /* ResultViewController.swift */,
				F21548FF2747F87A008E6779 /* Actions.sks */,
			);
			path = SpriteKitGame;
			sourceTree = "<group>";
		};
		F2B01BFB2770EE8C00F80D3F /* FoodPage */ = {
			isa = PBXGroup;
			children = (
				F2B01BF92770EE8500F80D3F /* BreakfirstViewController.swift */,
			);
			path = FoodPage;
			sourceTree = "<group>";
		};
		F2F74588276FA4A3008E2D2F /* Models */ = {
			isa = PBXGroup;
			children = (
				F27D8377276FA6B80008649B /* LevelSkill1PageModels.swift */,
				F27D8379276FA8C60008649B /* LevelSkill1PageModelsCell.swift */,
				F27D837B276FAEB10008649B /* LevelSkill2PageModels.swift */,
				F27D837D276FAEBE0008649B /* LevelSkill2PageModelsCell.swift */,
				F27D837F276FB3700008649B /* LevelSkill3PageModels.swift */,
				F27D8381276FB37F0008649B /* LevelSkill3PageModelsCell.swift */,
				F287484127708D2500E60ED6 /* ImageModels.swift */,
				F28748432770A67300E60ED6 /* HeaderView.swift */,
				F25358422770B8CB0011D6F0 /* test.swift */,
				F28843A22770E00B004099F4 /* waterTest.swift */,
			);
			path = Models;
			sourceTree = "<group>";
		};
/* End PBXGroup section */

/* Begin PBXNativeTarget section */
		F23996EC273BB2E5007F8ADE /* KILOGO */ = {
			isa = PBXNativeTarget;
			buildConfigurationList = F2399701273BB2E6007F8ADE /* Build configuration list for PBXNativeTarget "KILOGO" */;
			buildPhases = (
				A734C7E46AE7BB62CF7E923C /* [CP] Check Pods Manifest.lock */,
				F23996E9273BB2E5007F8ADE /* Sources */,
				F23996EA273BB2E5007F8ADE /* Frameworks */,
				F23996EB273BB2E5007F8ADE /* Resources */,
				6D206D53D746C83433DC586D /* [CP] Embed Pods Frameworks */,
			);
			buildRules = (
			);
			dependencies = (
			);
			name = KILOGO;
			productName = KILOGO;
			productReference = F23996ED273BB2E5007F8ADE /* KILOGO.app */;
			productType = "com.apple.product-type.application";
		};
/* End PBXNativeTarget section */

/* Begin PBXProject section */
		F23996E5273BB2E5007F8ADE /* Project object */ = {
			isa = PBXProject;
			attributes = {
				LastSwiftUpdateCheck = 1250;
				LastUpgradeCheck = 1250;
				TargetAttributes = {
					F23996EC273BB2E5007F8ADE = {
						CreatedOnToolsVersion = 12.5.1;
					};
				};
			};
			buildConfigurationList = F23996E8273BB2E5007F8ADE /* Build configuration list for PBXProject "KILOGO" */;
			compatibilityVersion = "Xcode 9.3";
			developmentRegion = en;
			hasScannedForEncodings = 0;
			knownRegions = (
				en,
				Base,
			);
			mainGroup = F23996E4273BB2E5007F8ADE;
			productRefGroup = F23996EE273BB2E5007F8ADE /* Products */;
			projectDirPath = "";
			projectRoot = "";
			targets = (
				F23996EC273BB2E5007F8ADE /* KILOGO */,
			);
		};
/* End PBXProject section */

/* Begin PBXResourcesBuildPhase section */
		F23996EB273BB2E5007F8ADE /* Resources */ = {
			isa = PBXResourcesBuildPhase;
			buildActionMask = 2147483647;
			files = (
				F255B5CD276B3640007FAD81 /* 結算音樂.mp3 in Resources */,
				F24E5A41276C8986008054D8 /* 章魚燒庛佑.mov in Resources */,
				F23996FD273BB2E6007F8ADE /* LaunchScreen.storyboard in Resources */,
				F21549002747F87A008E6779 /* Actions.sks in Resources */,
				F25C5AE1276AFD2D00D99183 /* touchPointMusic.mp3 in Resources */,
				F255B5D0276B3BB6007FAD81 /* 遊戲音樂2.mp3 in Resources */,
				F23996FA273BB2E6007F8ADE /* Assets.xcassets in Resources */,
				F24E5A42276C8986008054D8 /* 熊熊火爆.mov in Resources */,
				F224D462274A9F2D0057AB48 /* Loading.mov in Resources */,
				850605472B808EB800FA4E85 /* GoogleService-Info.plist in Resources */,
				F2149C4827425312006B5C1A /* SKScene.sks in Resources */,
				F243DD9E274BD83300559D18 /* winning-1.mov in Resources */,
				F25358452770CCC20011D6F0 /* 主畫面熊動畫.mov in Resources */,
				F269950B276C7CD00029EAFD /* mainMusic.mp3 in Resources */,
				F24E5A40276C8986008054D8 /* 地獄之火.mov in Resources */,
				F255B5CE276B3640007FAD81 /* 遊戲音樂.mp3 in Resources */,
				8580132F2BB134F900534318 /* foodData.json in Resources */,
			);
			runOnlyForDeploymentPostprocessing = 0;
		};
/* End PBXResourcesBuildPhase section */

/* Begin PBXShellScriptBuildPhase section */
		6D206D53D746C83433DC586D /* [CP] Embed Pods Frameworks */ = {
			isa = PBXShellScriptBuildPhase;
			buildActionMask = 2147483647;
			files = (
			);
			inputFileListPaths = (
				"${PODS_ROOT}/Target Support Files/Pods-KILOGO/Pods-KILOGO-frameworks-${CONFIGURATION}-input-files.xcfilelist",
			);
			name = "[CP] Embed Pods Frameworks";
			outputFileListPaths = (
				"${PODS_ROOT}/Target Support Files/Pods-KILOGO/Pods-KILOGO-frameworks-${CONFIGURATION}-output-files.xcfilelist",
			);
			runOnlyForDeploymentPostprocessing = 0;
			shellPath = /bin/sh;
			shellScript = "\"${PODS_ROOT}/Target Support Files/Pods-KILOGO/Pods-KILOGO-frameworks.sh\"\n";
			showEnvVarsInLog = 0;
		};
		A734C7E46AE7BB62CF7E923C /* [CP] Check Pods Manifest.lock */ = {
			isa = PBXShellScriptBuildPhase;
			buildActionMask = 2147483647;
			files = (
			);
			inputFileListPaths = (
			);
			inputPaths = (
				"${PODS_PODFILE_DIR_PATH}/Podfile.lock",
				"${PODS_ROOT}/Manifest.lock",
			);
			name = "[CP] Check Pods Manifest.lock";
			outputFileListPaths = (
			);
			outputPaths = (
				"$(DERIVED_FILE_DIR)/Pods-KILOGO-checkManifestLockResult.txt",
			);
			runOnlyForDeploymentPostprocessing = 0;
			shellPath = /bin/sh;
			shellScript = "diff \"${PODS_PODFILE_DIR_PATH}/Podfile.lock\" \"${PODS_ROOT}/Manifest.lock\" > /dev/null\nif [ $? != 0 ] ; then\n    # print error to STDERR\n    echo \"error: The sandbox is not in sync with the Podfile.lock. Run 'pod install' or update your CocoaPods installation.\" >&2\n    exit 1\nfi\n# This output is used by Xcode 'outputs' to avoid re-running this script phase.\necho \"SUCCESS\" > \"${SCRIPT_OUTPUT_FILE_0}\"\n";
			showEnvVarsInLog = 0;
		};
/* End PBXShellScriptBuildPhase section */

/* Begin PBXSourcesBuildPhase section */
		F23996E9273BB2E5007F8ADE /* Sources */ = {
			isa = PBXSourcesBuildPhase;
			buildActionMask = 2147483647;
			files = (
				F246497A273BF66300E2F2F6 /* PostButtonCollectionViewCell.swift in Sources */,
				F2304E4927439C5B00BC8C50 /* Email+EXT.swift in Sources */,
				F2F32D4D274B5AD0000C2122 /* ResultViewController.swift in Sources */,
				F25358432770B8CB0011D6F0 /* test.swift in Sources */,
				F22A465B274D5DF6004B2012 /* BodyTrackingConfiguration.swift in Sources */,
				F2464976273BE57F00E2F2F6 /* PostCollectionViewCell.swift in Sources */,
				F246496C273BE29300E2F2F6 /* IGHomeFeedCellType.swift in Sources */,
				F285F75E273BB908009A34AD /* SignUpViewController.swift in Sources */,
				8580133D2BBA831C00534318 /* SkillContentView.swift in Sources */,
				8580131D2BB0144600534318 /* FoodDataCell.swift in Sources */,
				F2464970273BE36000E2F2F6 /* PosterCollecitonViewCellViewModel.swift in Sources */,
				F285F75A273BB89E009A34AD /* TabBarViewController.swift in Sources */,
				F2F74585276F93DC008E2D2F /* LevelSkillViewController.swift in Sources */,
				F2D11CB8275E02EA000277C2 /* ChooseMainViewController.swift in Sources */,
				F27D8378276FA6B80008649B /* LevelSkill1PageModels.swift in Sources */,
				F293C91F2744069400FCD0AA /* GameViewController.swift in Sources */,
				850605572B8C56FD00FA4E85 /* CustomLayout.swift in Sources */,
				F2C381DB273EDFA100BC22C4 /* AuthTextField.swift in Sources */,
				F28748442770A67300E60ED6 /* HeaderView.swift in Sources */,
				F23996F5273BB2E5007F8ADE /* SignInViewController.swift in Sources */,
				F25358492770D06E0011D6F0 /* FoodSearchViewController.swift in Sources */,
				F285F775273BC048009A34AD /* RankPageViewController.swift in Sources */,
				F285F76B273BBFB6009A34AD /* UserDataViewController.swift in Sources */,
				F2D11CBA275E0987000277C2 /* ChooseMainSkill.swift in Sources */,
				850605592B91AEB100FA4E85 /* CollectionViewFlowLayout.swift in Sources */,
				F25358482770D06E0011D6F0 /* FoodDataViewController.swift in Sources */,
				858013172BAAD86400534318 /* DataPickerContainerView.swift in Sources */,
				F285F777273BC051009A34AD /* SettingViewController.swift in Sources */,
				F2464974273BE54600E2F2F6 /* PosterCollectionViewCell.swift in Sources */,
				F224D459274A54C70057AB48 /* GameModels.swift in Sources */,
				858013342BB4553800534318 /* SkillOneView.swift in Sources */,
				F222E46C273C412700BB8E5D /* Int+EXT.swift in Sources */,
				F255B5CA276B3007007FAD81 /* ResultsViewController.swift in Sources */,
				858013192BAADB4100534318 /* DataPickerViewController.swift in Sources */,
				F285F75C273BB8F8009A34AD /* FirstPageViewController.swift in Sources */,
				F2B01BFA2770EE8500F80D3F /* BreakfirstViewController.swift in Sources */,
				F2464978273BE8C700E2F2F6 /* Post.swift in Sources */,
				858013292BB0331000534318 /* FoodMO+CoreDataClass.swift in Sources */,
				F285F76F273BC01E009A34AD /* IGViewController.swift in Sources */,
				F28DC71D2746DA8D0094DFD1 /* GameScene.swift in Sources */,
				F2D11CBC275E1EAF000277C2 /* ChooseMainSkillIntroduce.swift in Sources */,
				F293C921274413FE00FCD0AA /* ProgressBarBode.swift in Sources */,
				8580133A2BB4576300534318 /* SkillViewController.swift in Sources */,
				850605492B80939700FA4E85 /* AuthManager2.swift in Sources */,
				F2304E472743946500BC8C50 /* BackButton.swift in Sources */,
				F27D8382276FB37F0008649B /* LevelSkill3PageModelsCell.swift in Sources */,
				F287484227708D2500E60ED6 /* ImageModels.swift in Sources */,
				F2464981273C024A00E2F2F6 /* PositionSizeModel.swift in Sources */,
				F246496E273BE34500E2F2F6 /* PostCollectionViewCellViewModel.swift in Sources */,
				F2149C4427424DC8006B5C1A /* ARViewController.swift in Sources */,
				F27D837E276FAEBE0008649B /* LevelSkill2PageModelsCell.swift in Sources */,
				850605532B88814900FA4E85 /* CharacterSelectViewController.swift in Sources */,
				F27D8380276FB3700008649B /* LevelSkill3PageModels.swift in Sources */,
				F246497C273BF7A400E2F2F6 /* PostButtonCollectionViewModel.swift in Sources */,
				F285F773273BC03D009A34AD /* HomePageViewController.swift in Sources */,
				858013152BA82F0800534318 /* ChooseButtonLine.swift in Sources */,
				F285F767273BBF57009A34AD /* RecoverPasswordViewController.swift in Sources */,
				858013132BA80EB700534318 /* ChooseBarCell.swift in Sources */,
				F285F76D273BBFF6009A34AD /* CharacterViewController.swift in Sources */,
				F2C381DD273EE94000BC22C4 /* AuthButton.swift in Sources */,
				F246497E273BF8E400E2F2F6 /* PostLikeNumberCollectionViewCell.swift in Sources */,
				858013362BB4561600534318 /* SkillTwoView.swift in Sources */,
				F2149C4A2742547A006B5C1A /* Scene.swift in Sources */,
				F215DCE727628A3B009D76CB /* PlainHorizontalProgressBar.swift in Sources */,
				F28843A32770E00B004099F4 /* waterTest.swift in Sources */,
				850605432B7CC49D00FA4E85 /* AuthTextFieldType.swift in Sources */,
				8580132A2BB0331000534318 /* FoodMO+CoreDataProperties.swift in Sources */,
				F22A4659274D3E4C004B2012 /* ARImageView.swift in Sources */,
				8580131B2BB011EF00534318 /* FoodDataSearchViewController.swift in Sources */,
				F2F74587276F954F008E2D2F /* LevelSkillPageMain.swift in Sources */,
				8506055D2BA0349D00FA4E85 /* CircleProgressBar.swift in Sources */,
				8506055B2B9B09FA00FA4E85 /* KcalProgressBar.swift in Sources */,
				858013202BB0236B00534318 /* KILO GO.xcdatamodeld in Sources */,
				858013382BB4568100534318 /* SkillThreeView.swift in Sources */,
				F23996F1273BB2E5007F8ADE /* AppDelegate.swift in Sources */,
				F23996F3273BB2E5007F8ADE /* SceneDelegate.swift in Sources */,
				F27D837A276FA8C60008649B /* LevelSkill1PageModelsCell.swift in Sources */,
				F2F9985A275E733D008DA346 /* ChooseMainPageMainInfo.swift in Sources */,
				F226F70E275DF72F0081E2F5 /* LabelViewController.swift in Sources */,
				8580132D2BB1328C00534318 /* FoodModel.swift in Sources */,
				F215DCE5276220D2009D76CB /* PlainCircularProgressBar.swift in Sources */,
				8506054B2B86054E00FA4E85 /* RealtimeDatabaseManager.swift in Sources */,
				F24063DA276A2E9E00498EA9 /* listBackgroundPoint.swift in Sources */,
				858013312BB4281600534318 /* SkillView.swift in Sources */,
				850605412B7CA4C000FA4E85 /* AuthButtonType.swift in Sources */,
				F2464980273BF8FB00E2F2F6 /* PostLikeNumberCollectionViewModel.swift in Sources */,
				F27D837C276FAEB10008649B /* LevelSkill2PageModels.swift in Sources */,
				850605552B88831F00FA4E85 /* CharacterCell.swift in Sources */,
				F224D464274AA3F10057AB48 /* LoadingViewController.swift in Sources */,
				F253584C2770D6520011D6F0 /* SearchFoodBarPageTableViewCell.swift in Sources */,
				F285F769273BBFA6009A34AD /* TransitionsViewController.swift in Sources */,
			);
			runOnlyForDeploymentPostprocessing = 0;
		};
/* End PBXSourcesBuildPhase section */

/* Begin PBXVariantGroup section */
		F23996FB273BB2E6007F8ADE /* LaunchScreen.storyboard */ = {
			isa = PBXVariantGroup;
			children = (
				F23996FC273BB2E6007F8ADE /* Base */,
			);
			name = LaunchScreen.storyboard;
			sourceTree = "<group>";
		};
/* End PBXVariantGroup section */

/* Begin XCBuildConfiguration section */
		F23996FF273BB2E6007F8ADE /* Debug */ = {
			isa = XCBuildConfiguration;
			buildSettings = {
				ALWAYS_SEARCH_USER_PATHS = NO;
				CLANG_ANALYZER_NONNULL = YES;
				CLANG_ANALYZER_NUMBER_OBJECT_CONVERSION = YES_AGGRESSIVE;
				CLANG_CXX_LANGUAGE_STANDARD = "gnu++14";
				CLANG_CXX_LIBRARY = "libc++";
				CLANG_ENABLE_MODULES = YES;
				CLANG_ENABLE_OBJC_ARC = YES;
				CLANG_ENABLE_OBJC_WEAK = YES;
				CLANG_WARN_BLOCK_CAPTURE_AUTORELEASING = YES;
				CLANG_WARN_BOOL_CONVERSION = YES;
				CLANG_WARN_COMMA = YES;
				CLANG_WARN_CONSTANT_CONVERSION = YES;
				CLANG_WARN_DEPRECATED_OBJC_IMPLEMENTATIONS = YES;
				CLANG_WARN_DIRECT_OBJC_ISA_USAGE = YES_ERROR;
				CLANG_WARN_DOCUMENTATION_COMMENTS = YES;
				CLANG_WARN_EMPTY_BODY = YES;
				CLANG_WARN_ENUM_CONVERSION = YES;
				CLANG_WARN_INFINITE_RECURSION = YES;
				CLANG_WARN_INT_CONVERSION = YES;
				CLANG_WARN_NON_LITERAL_NULL_CONVERSION = YES;
				CLANG_WARN_OBJC_IMPLICIT_RETAIN_SELF = YES;
				CLANG_WARN_OBJC_LITERAL_CONVERSION = YES;
				CLANG_WARN_OBJC_ROOT_CLASS = YES_ERROR;
				CLANG_WARN_QUOTED_INCLUDE_IN_FRAMEWORK_HEADER = YES;
				CLANG_WARN_RANGE_LOOP_ANALYSIS = YES;
				CLANG_WARN_STRICT_PROTOTYPES = YES;
				CLANG_WARN_SUSPICIOUS_MOVE = YES;
				CLANG_WARN_UNGUARDED_AVAILABILITY = YES_AGGRESSIVE;
				CLANG_WARN_UNREACHABLE_CODE = YES;
				CLANG_WARN__DUPLICATE_METHOD_MATCH = YES;
				COPY_PHASE_STRIP = NO;
				DEBUG_INFORMATION_FORMAT = dwarf;
				ENABLE_STRICT_OBJC_MSGSEND = YES;
				ENABLE_TESTABILITY = YES;
				GCC_C_LANGUAGE_STANDARD = gnu11;
				GCC_DYNAMIC_NO_PIC = NO;
				GCC_NO_COMMON_BLOCKS = YES;
				GCC_OPTIMIZATION_LEVEL = 0;
				GCC_PREPROCESSOR_DEFINITIONS = (
					"DEBUG=1",
					"$(inherited)",
				);
				GCC_WARN_64_TO_32_BIT_CONVERSION = YES;
				GCC_WARN_ABOUT_RETURN_TYPE = YES_ERROR;
				GCC_WARN_UNDECLARED_SELECTOR = YES;
				GCC_WARN_UNINITIALIZED_AUTOS = YES_AGGRESSIVE;
				GCC_WARN_UNUSED_FUNCTION = YES;
				GCC_WARN_UNUSED_VARIABLE = YES;
				IPHONEOS_DEPLOYMENT_TARGET = 14.5;
				MTL_ENABLE_DEBUG_INFO = INCLUDE_SOURCE;
				MTL_FAST_MATH = YES;
				ONLY_ACTIVE_ARCH = YES;
				SDKROOT = iphoneos;
				SWIFT_ACTIVE_COMPILATION_CONDITIONS = DEBUG;
				SWIFT_OPTIMIZATION_LEVEL = "-Onone";
			};
			name = Debug;
		};
		F2399700273BB2E6007F8ADE /* Release */ = {
			isa = XCBuildConfiguration;
			buildSettings = {
				ALWAYS_SEARCH_USER_PATHS = NO;
				CLANG_ANALYZER_NONNULL = YES;
				CLANG_ANALYZER_NUMBER_OBJECT_CONVERSION = YES_AGGRESSIVE;
				CLANG_CXX_LANGUAGE_STANDARD = "gnu++14";
				CLANG_CXX_LIBRARY = "libc++";
				CLANG_ENABLE_MODULES = YES;
				CLANG_ENABLE_OBJC_ARC = YES;
				CLANG_ENABLE_OBJC_WEAK = YES;
				CLANG_WARN_BLOCK_CAPTURE_AUTORELEASING = YES;
				CLANG_WARN_BOOL_CONVERSION = YES;
				CLANG_WARN_COMMA = YES;
				CLANG_WARN_CONSTANT_CONVERSION = YES;
				CLANG_WARN_DEPRECATED_OBJC_IMPLEMENTATIONS = YES;
				CLANG_WARN_DIRECT_OBJC_ISA_USAGE = YES_ERROR;
				CLANG_WARN_DOCUMENTATION_COMMENTS = YES;
				CLANG_WARN_EMPTY_BODY = YES;
				CLANG_WARN_ENUM_CONVERSION = YES;
				CLANG_WARN_INFINITE_RECURSION = YES;
				CLANG_WARN_INT_CONVERSION = YES;
				CLANG_WARN_NON_LITERAL_NULL_CONVERSION = YES;
				CLANG_WARN_OBJC_IMPLICIT_RETAIN_SELF = YES;
				CLANG_WARN_OBJC_LITERAL_CONVERSION = YES;
				CLANG_WARN_OBJC_ROOT_CLASS = YES_ERROR;
				CLANG_WARN_QUOTED_INCLUDE_IN_FRAMEWORK_HEADER = YES;
				CLANG_WARN_RANGE_LOOP_ANALYSIS = YES;
				CLANG_WARN_STRICT_PROTOTYPES = YES;
				CLANG_WARN_SUSPICIOUS_MOVE = YES;
				CLANG_WARN_UNGUARDED_AVAILABILITY = YES_AGGRESSIVE;
				CLANG_WARN_UNREACHABLE_CODE = YES;
				CLANG_WARN__DUPLICATE_METHOD_MATCH = YES;
				COPY_PHASE_STRIP = NO;
				DEBUG_INFORMATION_FORMAT = dwarf;
				ENABLE_NS_ASSERTIONS = NO;
				ENABLE_STRICT_OBJC_MSGSEND = YES;
				GCC_C_LANGUAGE_STANDARD = gnu11;
				GCC_NO_COMMON_BLOCKS = YES;
				GCC_WARN_64_TO_32_BIT_CONVERSION = YES;
				GCC_WARN_ABOUT_RETURN_TYPE = YES_ERROR;
				GCC_WARN_UNDECLARED_SELECTOR = YES;
				GCC_WARN_UNINITIALIZED_AUTOS = YES_AGGRESSIVE;
				GCC_WARN_UNUSED_FUNCTION = YES;
				GCC_WARN_UNUSED_VARIABLE = YES;
				IPHONEOS_DEPLOYMENT_TARGET = 14.5;
				MTL_ENABLE_DEBUG_INFO = NO;
				MTL_FAST_MATH = YES;
				ONLY_ACTIVE_ARCH = YES;
				SDKROOT = iphoneos;
				SWIFT_COMPILATION_MODE = wholemodule;
				SWIFT_OPTIMIZATION_LEVEL = "-O";
				VALIDATE_PRODUCT = YES;
			};
			name = Release;
		};
		F2399702273BB2E6007F8ADE /* Debug */ = {
			isa = XCBuildConfiguration;
			baseConfigurationReference = DB8570A4D7ED3DBC8BF971C4 /* Pods-KILOGO.debug.xcconfig */;
			buildSettings = {
				ASSETCATALOG_COMPILER_APPICON_NAME = AppIcon;
				ASSETCATALOG_COMPILER_GLOBAL_ACCENT_COLOR_NAME = AccentColor;
				CODE_SIGN_IDENTITY = "Apple Development";
				CODE_SIGN_STYLE = Automatic;
				DEVELOPMENT_TEAM = 6CA6Q5L7M2;
				INFOPLIST_FILE = KILOGO/Info.plist;
				IPHONEOS_DEPLOYMENT_TARGET = 15.4;
				LD_RUNPATH_SEARCH_PATHS = (
					"$(inherited)",
					"@executable_path/Frameworks",
				);
				PRODUCT_BUNDLE_IDENTIFIER = com.company.KILOGO.final;
				PRODUCT_NAME = "$(TARGET_NAME)";
				PROVISIONING_PROFILE_SPECIFIER = "";
				SWIFT_VERSION = 5.0;
				TARGETED_DEVICE_FAMILY = 1;
			};
			name = Debug;
		};
		F2399703273BB2E6007F8ADE /* Release */ = {
			isa = XCBuildConfiguration;
			baseConfigurationReference = 6A596DEACD524A7C5ECE5DA0 /* Pods-KILOGO.release.xcconfig */;
			buildSettings = {
				ASSETCATALOG_COMPILER_APPICON_NAME = AppIcon;
				ASSETCATALOG_COMPILER_GLOBAL_ACCENT_COLOR_NAME = AccentColor;
				CODE_SIGN_IDENTITY = "Apple Development";
				CODE_SIGN_STYLE = Automatic;
				DEVELOPMENT_TEAM = 6CA6Q5L7M2;
				INFOPLIST_FILE = KILOGO/Info.plist;
				IPHONEOS_DEPLOYMENT_TARGET = 15.4;
				LD_RUNPATH_SEARCH_PATHS = (
					"$(inherited)",
					"@executable_path/Frameworks",
				);
				PRODUCT_BUNDLE_IDENTIFIER = com.company.KILOGO.final;
				PRODUCT_NAME = "$(TARGET_NAME)";
				PROVISIONING_PROFILE_SPECIFIER = "";
				SWIFT_VERSION = 5.0;
				TARGETED_DEVICE_FAMILY = 1;
			};
			name = Release;
		};
/* End XCBuildConfiguration section */

/* Begin XCConfigurationList section */
		F23996E8273BB2E5007F8ADE /* Build configuration list for PBXProject "KILOGO" */ = {
			isa = XCConfigurationList;
			buildConfigurations = (
				F23996FF273BB2E6007F8ADE /* Debug */,
				F2399700273BB2E6007F8ADE /* Release */,
			);
			defaultConfigurationIsVisible = 0;
			defaultConfigurationName = Release;
		};
		F2399701273BB2E6007F8ADE /* Build configuration list for PBXNativeTarget "KILOGO" */ = {
			isa = XCConfigurationList;
			buildConfigurations = (
				F2399702273BB2E6007F8ADE /* Debug */,
				F2399703273BB2E6007F8ADE /* Release */,
			);
			defaultConfigurationIsVisible = 0;
			defaultConfigurationName = Release;
		};
/* End XCConfigurationList section */

/* Begin XCVersionGroup section */
		8580131E2BB0236B00534318 /* KILO GO.xcdatamodeld */ = {
			isa = XCVersionGroup;
			children = (
				8580131F2BB0236B00534318 /* KILO GO.xcdatamodel */,
			);
			currentVersion = 8580131F2BB0236B00534318 /* KILO GO.xcdatamodel */;
			path = "KILO GO.xcdatamodeld";
			sourceTree = "<group>";
			versionGroupType = wrapper.xcdatamodel;
		};
/* End XCVersionGroup section */
	};
	rootObject = F23996E5273BB2E5007F8ADE /* Project object */;
}
